// !$*UTF8*$!
{
	archiveVersion = 1;
	classes = {
	};
	objectVersion = 50;
	objects = {

/* Begin PBXBuildFile section */
		EE4B2C442546FE3500EF9BE4 /* AppDelegate.swift in Sources */ = {isa = PBXBuildFile; fileRef = EE4B2C432546FE3500EF9BE4 /* AppDelegate.swift */; };
		EE4B2C462546FE3500EF9BE4 /* SceneDelegate.swift in Sources */ = {isa = PBXBuildFile; fileRef = EE4B2C452546FE3500EF9BE4 /* SceneDelegate.swift */; };
		EE4B2C482546FE3500EF9BE4 /* ViewController.swift in Sources */ = {isa = PBXBuildFile; fileRef = EE4B2C472546FE3500EF9BE4 /* ViewController.swift */; };
		EE4B2C4B2546FE3500EF9BE4 /* Main.storyboard in Resources */ = {isa = PBXBuildFile; fileRef = EE4B2C492546FE3500EF9BE4 /* Main.storyboard */; };
		EE4B2C4D2546FE3700EF9BE4 /* Assets.xcassets in Resources */ = {isa = PBXBuildFile; fileRef = EE4B2C4C2546FE3700EF9BE4 /* Assets.xcassets */; };
		EE4B2C502546FE3700EF9BE4 /* LaunchScreen.storyboard in Resources */ = {isa = PBXBuildFile; fileRef = EE4B2C4E2546FE3700EF9BE4 /* LaunchScreen.storyboard */; };
		EE4B2C582546FF9300EF9BE4 /* car.swift in Sources */ = {isa = PBXBuildFile; fileRef = EE4B2C572546FF9300EF9BE4 /* car.swift */; };
/* End PBXBuildFile section */

/* Begin PBXFileReference section */
		EE4B2C402546FE3500EF9BE4 /* Race.app */ = {isa = PBXFileReference; explicitFileType = wrapper.application; includeInIndex = 0; path = Race.app; sourceTree = BUILT_PRODUCTS_DIR; };
		EE4B2C432546FE3500EF9BE4 /* AppDelegate.swift */ = {isa = PBXFileReference; lastKnownFileType = sourcecode.swift; path = AppDelegate.swift; sourceTree = "<group>"; };
		EE4B2C452546FE3500EF9BE4 /* SceneDelegate.swift */ = {isa = PBXFileReference; lastKnownFileType = sourcecode.swift; path = SceneDelegate.swift; sourceTree = "<group>"; };
		EE4B2C472546FE3500EF9BE4 /* ViewController.swift */ = {isa = PBXFileReference; lastKnownFileType = sourcecode.swift; path = ViewController.swift; sourceTree = "<group>"; };
		EE4B2C4A2546FE3500EF9BE4 /* Base */ = {isa = PBXFileReference; lastKnownFileType = file.storyboard; name = Base; path = Base.lproj/Main.storyboard; sourceTree = "<group>"; };
		EE4B2C4C2546FE3700EF9BE4 /* Assets.xcassets */ = {isa = PBXFileReference; lastKnownFileType = folder.assetcatalog; path = Assets.xcassets; sourceTree = "<group>"; };
		EE4B2C4F2546FE3700EF9BE4 /* Base */ = {isa = PBXFileReference; lastKnownFileType = file.storyboard; name = Base; path = Base.lproj/LaunchScreen.storyboard; sourceTree = "<group>"; };
		EE4B2C512546FE3700EF9BE4 /* Info.plist */ = {isa = PBXFileReference; lastKnownFileType = text.plist.xml; path = Info.plist; sourceTree = "<group>"; };
		EE4B2C572546FF9300EF9BE4 /* car.swift */ = {isa = PBXFileReference; lastKnownFileType = sourcecode.swift; path = car.swift; sourceTree = "<group>"; };
/* End PBXFileReference section */

/* Begin PBXFrameworksBuildPhase section */
		EE4B2C3D2546FE3500EF9BE4 /* Frameworks */ = {
			isa = PBXFrameworksBuildPhase;
			buildActionMask = 2147483647;
			files = (
			);
			runOnlyForDeploymentPostprocessing = 0;
		};
/* End PBXFrameworksBuildPhase section */

/* Begin PBXGroup section */
		EE4B2C372546FE3500EF9BE4 = {
			isa = PBXGroup;
			children = (
				EE4B2C422546FE3500EF9BE4 /* Race */,
				EE4B2C412546FE3500EF9BE4 /* Products */,
			);
			sourceTree = "<group>";
		};
		EE4B2C412546FE3500EF9BE4 /* Products */ = {
			isa = PBXGroup;
			children = (
				EE4B2C402546FE3500EF9BE4 /* Race.app */,
			);
			name = Products;
			sourceTree = "<group>";
		};
		EE4B2C422546FE3500EF9BE4 /* Race */ = {
			isa = PBXGroup;
			children = (
				EE4B2C432546FE3500EF9BE4 /* AppDelegate.swift */,
				EE4B2C452546FE3500EF9BE4 /* SceneDelegate.swift */,
				EE4B2C472546FE3500EF9BE4 /* ViewController.swift */,
				EE4B2C572546FF9300EF9BE4 /* car.swift */,
				EE4B2C492546FE3500EF9BE4 /* Main.storyboard */,
				EE4B2C4C2546FE3700EF9BE4 /* Assets.xcassets */,
				EE4B2C4E2546FE3700EF9BE4 /* LaunchScreen.storyboard */,
				EE4B2C512546FE3700EF9BE4 /* Info.plist */,
			);
			path = Race;
			sourceTree = "<group>";
		};
/* End PBXGroup section */

/* Begin PBXNativeTarget section */
		EE4B2C3F2546FE3500EF9BE4 /* Race */ = {
			isa = PBXNativeTarget;
			buildConfigurationList = EE4B2C542546FE3700EF9BE4 /* Build configuration list for PBXNativeTarget "Race" */;
			buildPhases = (
				EE4B2C3C2546FE3500EF9BE4 /* Sources */,
				EE4B2C3D2546FE3500EF9BE4 /* Frameworks */,
				EE4B2C3E2546FE3500EF9BE4 /* Resources */,
			);
			buildRules = (
			);
			dependencies = (
			);
			name = Race;
			productName = Race;
			productReference = EE4B2C402546FE3500EF9BE4 /* Race.app */;
			productType = "com.apple.product-type.application";
		};
/* End PBXNativeTarget section */

/* Begin PBXProject section */
		EE4B2C382546FE3500EF9BE4 /* Project object */ = {
			isa = PBXProject;
			attributes = {
				LastSwiftUpdateCheck = 1130;
				LastUpgradeCheck = 1130;
				ORGANIZATIONNAME = ChemsApps;
				TargetAttributes = {
					EE4B2C3F2546FE3500EF9BE4 = {
						CreatedOnToolsVersion = 11.3.1;
					};
				};
			};
			buildConfigurationList = EE4B2C3B2546FE3500EF9BE4 /* Build configuration list for PBXProject "Race" */;
			compatibilityVersion = "Xcode 9.3";
			developmentRegion = en;
			hasScannedForEncodings = 0;
			knownRegions = (
				en,
				Base,
			);
			mainGroup = EE4B2C372546FE3500EF9BE4;
			productRefGroup = EE4B2C412546FE3500EF9BE4 /* Products */;
			projectDirPath = "";
			projectRoot = "";
			targets = (
				EE4B2C3F2546FE3500EF9BE4 /* Race */,
			);
		};
/* End PBXProject section */

/* Begin PBXResourcesBuildPhase section */
		EE4B2C3E2546FE3500EF9BE4 /* Resources */ = {
			isa = PBXResourcesBuildPhase;
			buildActionMask = 2147483647;
			files = (
				EE4B2C502546FE3700EF9BE4 /* LaunchScreen.storyboard in Resources */,
				EE4B2C4D2546FE3700EF9BE4 /* Assets.xcassets in Resources */,
				EE4B2C4B2546FE3500EF9BE4 /* Main.storyboard in Resources */,
			);
			runOnlyForDeploymentPostprocessing = 0;
		};
/* End PBXResourcesBuildPhase section */

/* Begin PBXSourcesBuildPhase section */
		EE4B2C3C2546FE3500EF9BE4 /* Sources */ = {
			isa = PBXSourcesBuildPhase;
			buildActionMask = 2147483647;
			files = (
				EE4B2C482546FE3500EF9BE4 /* ViewController.swift in Sources */,
				EE4B2C442546FE3500EF9BE4 /* AppDelegate.swift in Sources */,
				EE4B2C582546FF9300EF9BE4 /* car.swift in Sources */,
				EE4B2C462546FE3500EF9BE4 /* SceneDelegate.swift in Sources */,
			);
			runOnlyForDeploymentPostprocessing = 0;
		};
/* End PBXSourcesBuildPhase section */

/* Begin PBXVariantGroup section */
		EE4B2C492546FE3500EF9BE4 /* Main.storyboard */ = {
			isa = PBXVariantGroup;
			children = (
				EE4B2C4A2546FE3500EF9BE4 /* Base */,
			);
			name = Main.storyboard;
			sourceTree = "<group>";
		};
		EE4B2C4E2546FE3700EF9BE4 /* LaunchScreen.storyboard */ = {
			isa = PBXVariantGroup;
			children = (
				EE4B2C4F2546FE3700EF9BE4 /* Base */,
			);
			name = LaunchScreen.storyboard;
			sourceTree = "<group>";
		};
/* End PBXVariantGroup section */

/* Begin XCBuildConfiguration section */
		EE4B2C522546FE3700EF9BE4 /* Debug */ = {
			isa = XCBuildConfiguration;
			buildSettings = {
				ALWAYS_SEARCH_USER_PATHS = NO;
				CLANG_ANALYZER_NONNULL = YES;
				CLANG_ANALYZER_NUMBER_OBJECT_CONVERSION = YES_AGGRESSIVE;
				CLANG_CXX_LANGUAGE_STANDARD = "gnu++14";
				CLANG_CXX_LIBRARY = "libc++";
				CLANG_ENABLE_MODULES = YES;
				CLANG_ENABLE_OBJC_ARC = YES;
				CLANG_ENABLE_OBJC_WEAK = YES;
				CLANG_WARN_BLOCK_CAPTURE_AUTORELEASING = YES;
				CLANG_WARN_BOOL_CONVERSION = YES;
				CLANG_WARN_COMMA = YES;
				CLANG_WARN_CONSTANT_CONVERSION = YES;
				CLANG_WARN_DEPRECATED_OBJC_IMPLEMENTATIONS = YES;
				CLANG_WARN_DIRECT_OBJC_ISA_USAGE = YES_ERROR;
				CLANG_WARN_DOCUMENTATION_COMMENTS = YES;
				CLANG_WARN_EMPTY_BODY = YES;
				CLANG_WARN_ENUM_CONVERSION = YES;
				CLANG_WARN_INFINITE_RECURSION = YES;
				CLANG_WARN_INT_CONVERSION = YES;
				CLANG_WARN_NON_LITERAL_NULL_CONVERSION = YES;
				CLANG_WARN_OBJC_IMPLICIT_RETAIN_SELF = YES;
				CLANG_WARN_OBJC_LITERAL_CONVERSION = YES;
				CLANG_WARN_OBJC_ROOT_CLASS = YES_ERROR;
				CLANG_WARN_RANGE_LOOP_ANALYSIS = YES;
				CLANG_WARN_STRICT_PROTOTYPES = YES;
				CLANG_WARN_SUSPICIOUS_MOVE = YES;
				CLANG_WARN_UNGUARDED_AVAILABILITY = YES_AGGRESSIVE;
				CLANG_WARN_UNREACHABLE_CODE = YES;
				CLANG_WARN__DUPLICATE_METHOD_MATCH = YES;
				COPY_PHASE_STRIP = NO;
				DEBUG_INFORMATION_FORMAT = dwarf;
				ENABLE_STRICT_OBJC_MSGSEND = YES;
				ENABLE_TESTABILITY = YES;
				GCC_C_LANGUAGE_STANDARD = gnu11;
				GCC_DYNAMIC_NO_PIC = NO;
				GCC_NO_COMMON_BLOCKS = YES;
				GCC_OPTIMIZATION_LEVEL = 0;
				GCC_PREPROCESSOR_DEFINITIONS = (
					"DEBUG=1",
					"$(inherited)",
				);
				GCC_WARN_64_TO_32_BIT_CONVERSION = YES;
				GCC_WARN_ABOUT_RETURN_TYPE = YES_ERROR;
				GCC_WARN_UNDECLARED_SELECTOR = YES;
				GCC_WARN_UNINITIALIZED_AUTOS = YES_AGGRESSIVE;
				GCC_WARN_UNUSED_FUNCTION = YES;
				GCC_WARN_UNUSED_VARIABLE = YES;
				IPHONEOS_DEPLOYMENT_TARGET = 13.2;
				MTL_ENABLE_DEBUG_INFO = INCLUDE_SOURCE;
				MTL_FAST_MATH = YES;
				ONLY_ACTIVE_ARCH = YES;
				SDKROOT = iphoneos;
				SWIFT_ACTIVE_COMPILATION_CONDITIONS = DEBUG;
				SWIFT_OPTIMIZATION_LEVEL = "-Onone";
			};
			name = Debug;
		};
		EE4B2C532546FE3700EF9BE4 /* Release */ = {
			isa = XCBuildConfiguration;
			buildSettings = {
				ALWAYS_SEARCH_USER_PATHS = NO;
				CLANG_ANALYZER_NONNULL = YES;
				CLANG_ANALYZER_NUMBER_OBJECT_CONVERSION = YES_AGGRESSIVE;
				CLANG_CXX_LANGUAGE_STANDARD = "gnu++14";
				CLANG_CXX_LIBRARY = "libc++";
				CLANG_ENABLE_MODULES = YES;
				CLANG_ENABLE_OBJC_ARC = YES;
				CLANG_ENABLE_OBJC_WEAK = YES;
				CLANG_WARN_BLOCK_CAPTURE_AUTORELEASING = YES;
				CLANG_WARN_BOOL_CONVERSION = YES;
				CLANG_WARN_COMMA = YES;
				CLANG_WARN_CONSTANT_CONVERSION = YES;
				CLANG_WARN_DEPRECATED_OBJC_IMPLEMENTATIONS = YES;
				CLANG_WARN_DIRECT_OBJC_ISA_USAGE = YES_ERROR;
				CLANG_WARN_DOCUMENTATION_COMMENTS = YES;
				CLANG_WARN_EMPTY_BODY = YES;
				CLANG_WARN_ENUM_CONVERSION = YES;
				CLANG_WARN_INFINITE_RECURSION = YES;
				CLANG_WARN_INT_CONVERSION = YES;
				CLANG_WARN_NON_LITERAL_NULL_CONVERSION = YES;
				CLANG_WARN_OBJC_IMPLICIT_RETAIN_SELF = YES;
				CLANG_WARN_OBJC_LITERAL_CONVERSION = YES;
				CLANG_WARN_OBJC_ROOT_CLASS = YES_ERROR;
				CLANG_WARN_RANGE_LOOP_ANALYSIS = YES;
				CLANG_WARN_STRICT_PROTOTYPES = YES;
				CLANG_WARN_SUSPICIOUS_MOVE = YES;
				CLANG_WARN_UNGUARDED_AVAILABILITY = YES_AGGRESSIVE;
				CLANG_WARN_UNREACHABLE_CODE = YES;
				CLANG_WARN__DUPLICATE_METHOD_MATCH = YES;
				COPY_PHASE_STRIP = NO;
				DEBUG_INFORMATION_FORMAT = "dwarf-with-dsym";
				ENABLE_NS_ASSERTIONS = NO;
				ENABLE_STRICT_OBJC_MSGSEND = YES;
				GCC_C_LANGUAGE_STANDARD = gnu11;
				GCC_NO_COMMON_BLOCKS = YES;
				GCC_WARN_64_TO_32_BIT_CONVERSION = YES;
				GCC_WARN_ABOUT_RETURN_TYPE = YES_ERROR;
				GCC_WARN_UNDECLARED_SELECTOR = YES;
				GCC_WARN_UNINITIALIZED_AUTOS = YES_AGGRESSIVE;
				GCC_WARN_UNUSED_FUNCTION = YES;
				GCC_WARN_UNUSED_VARIABLE = YES;
				IPHONEOS_DEPLOYMENT_TARGET = 13.2;
				MTL_ENABLE_DEBUG_INFO = NO;
				MTL_FAST_MATH = YES;
				SDKROOT = iphoneos;
				SWIFT_COMPILATION_MODE = wholemodule;
				SWIFT_OPTIMIZATION_LEVEL = "-O";
				VALIDATE_PRODUCT = YES;
			};
			name = Release;
		};
		EE4B2C552546FE3700EF9BE4 /* Debug */ = {
			isa = XCBuildConfiguration;
			buildSettings = {
				ASSETCATALOG_COMPILER_APPICON_NAME = AppIcon;
				CODE_SIGN_STYLE = Automatic;
				INFOPLIST_FILE = Race/Info.plist;
				LD_RUNPATH_SEARCH_PATHS = (
					"$(inherited)",
					"@executable_path/Frameworks",
				);
				PRODUCT_BUNDLE_IDENTIFIER = com.ChemsApps.Race;
				PRODUCT_NAME = "$(TARGET_NAME)";
				SWIFT_VERSION = 5.0;
				TARGETED_DEVICE_FAMILY = "1,2";
			};
			name = Debug;
		};
		EE4B2C562546FE3700EF9BE4 /* Release */ = {
			isa = XCBuildConfiguration;
			buildSettings = {
				ASSETCATALOG_COMPILER_APPICON_NAME = AppIcon;
				CODE_SIGN_STYLE = Automatic;
				INFOPLIST_FILE = Race/Info.plist;
				LD_RUNPATH_SEARCH_PATHS = (
					"$(inherited)",
					"@executable_path/Frameworks",
				);
				PRODUCT_BUNDLE_IDENTIFIER = com.ChemsApps.Race;
				PRODUCT_NAME = "$(TARGET_NAME)";
				SWIFT_VERSION = 5.0;
				TARGETED_DEVICE_FAMILY = "1,2";
			};
			name = Release;
		};
/* End XCBuildConfiguration section */

/* Begin XCConfigurationList section */
		EE4B2C3B2546FE3500EF9BE4 /* Build configuration list for PBXProject "Race" */ = {
			isa = XCConfigurationList;
			buildConfigurations = (
				EE4B2C522546FE3700EF9BE4 /* Debug */,
				EE4B2C532546FE3700EF9BE4 /* Release */,
			);
			defaultConfigurationIsVisible = 0;
			defaultConfigurationName = Release;
		};
		EE4B2C542546FE3700EF9BE4 /* Build configuration list for PBXNativeTarget "Race" */ = {
			isa = XCConfigurationList;
			buildConfigurations = (
				EE4B2C552546FE3700EF9BE4 /* Debug */,
				EE4B2C562546FE3700EF9BE4 /* Release */,
			);
			defaultConfigurationIsVisible = 0;
			defaultConfigurationName = Release;
		};
/* End XCConfigurationList section */
	};
	rootObject = EE4B2C382546FE3500EF9BE4 /* Project object */;
}
